
Microsoft Visual Studio Solution File, Format Version 12.00
# Visual Studio Version 17
VisualStudioVersion = 17.7.34031.279
MinimumVisualStudioVersion = 10.0.40219.1
Project("{FAE04EC0-301F-11D3-BF4B-00C04F79EFBC}") = "Rock Paper Scissors", "Rock Paper Scissors\Rock Paper Scissors.csproj", "{71EAACC0-4BBF-4ED5-B3FF-36038A74BFAF}"
EndProject
Global
	GlobalSection(SolutionConfigurationPlatforms) = preSolution
		Debug|Any CPU = Debug|Any CPU
		Release|Any CPU = Release|Any CPU
	EndGlobalSection
	GlobalSection(ProjectConfigurationPlatforms) = postSolution
		{71EAACC0-4BBF-4ED5-B3FF-36038A74BFAF}.Debug|Any CPU.ActiveCfg = Debug|Any CPU
		{71EAACC0-4BBF-4ED5-B3FF-36038A74BFAF}.Debug|Any CPU.Build.0 = Debug|Any CPU
		{71EAACC0-4BBF-4ED5-B3FF-36038A74BFAF}.Release|Any CPU.ActiveCfg = Release|Any CPU
		{71EAACC0-4BBF-4ED5-B3FF-36038A74BFAF}.Release|Any CPU.Build.0 = Release|Any CPU
	EndGlobalSection
	GlobalSection(SolutionProperties) = preSolution
		HideSolutionNode = FALSE
	EndGlobalSection
	GlobalSection(ExtensibilityGlobals) = postSolution
		SolutionGuid = {90A56862-2B9D-417D-982C-14B202F68A27}
	EndGlobalSection
EndGlobal
